
Microsoft Visual Studio Solution File, Format Version 12.00
# Visual Studio Version 17
VisualStudioVersion = 17.3.32929.385
MinimumVisualStudioVersion = 10.0.40219.1
Project("{FAE04EC0-301F-11D3-BF4B-00C04F79EFBC}") = "ConsoleApp1", "ConsoleApp1\ConsoleApp1.csproj", "{CECECCB3-1566-4661-810C-F8B234C1F87B}"
EndProject
Global
	GlobalSection(SolutionConfigurationPlatforms) = preSolution
		Debug|Any CPU = Debug|Any CPU
		Release|Any CPU = Release|Any CPU
	EndGlobalSection
	GlobalSection(ProjectConfigurationPlatforms) = postSolution
		{CECECCB3-1566-4661-810C-F8B234C1F87B}.Debug|Any CPU.ActiveCfg = Debug|Any CPU
		{CECECCB3-1566-4661-810C-F8B234C1F87B}.Debug|Any CPU.Build.0 = Debug|Any CPU
		{CECECCB3-1566-4661-810C-F8B234C1F87B}.Release|Any CPU.ActiveCfg = Release|Any CPU
		{CECECCB3-1566-4661-810C-F8B234C1F87B}.Release|Any CPU.Build.0 = Release|Any CPU
	EndGlobalSection
	GlobalSection(SolutionProperties) = preSolution
		HideSolutionNode = FALSE
	EndGlobalSection
	GlobalSection(ExtensibilityGlobals) = postSolution
		SolutionGuid = {39228E78-1C98-4F1F-A506-86D7AF3993A5}
	EndGlobalSection
EndGlobal
